
Microsoft Visual Studio Solution File, Format Version 12.00
# Visual Studio Version 17
VisualStudioVersion = 17.0.31903.59
MinimumVisualStudioVersion = 10.0.40219.1
Project("{FAE04EC0-301F-11D3-BF4B-00C04F79EFBC}") = "SDM.Core", "src\SDM.Core\SDM.Core.csproj", "{86D9767B-EFC9-44F4-B976-E7AD7131E992}"
EndProject
Project("{FAE04EC0-301F-11D3-BF4B-00C04F79EFBC}") = "SDM.Application", "src\SDM.Application\SDM.Application.csproj", "{CCDD1838-C0E7-42E4-8B26-37A2DBDD795D}"
EndProject
Project("{FAE04EC0-301F-11D3-BF4B-00C04F79EFBC}") = "SDM.Infrastructure", "src\SDM.Infrastructure\SDM.Infrastructure.csproj", "{54D743F9-A1FB-4666-A659-79C83BB23E4E}"
EndProject
Project("{FAE04EC0-301F-11D3-BF4B-00C04F79EFBC}") = "SDM.Database", "src\SDM.Database\SDM.Database.csproj", "{DF751D47-3468-4DA0-B858-F766BBE6FB81}"
EndProject
Project("{FAE04EC0-301F-11D3-BF4B-00C04F79EFBC}") = "SDM.Desktop", "src\SDM.Desktop\SDM.Desktop.csproj", "{8223C6E5-E2F6-4835-B800-98FC49E53988}"
EndProject
Project("{FAE04EC0-301F-11D3-BF4B-00C04F79EFBC}") = "SDM.Core.Tests", "tests\SDM.Core.Tests\SDM.Core.Tests.csproj", "{44CE8A9B-E69B-45C3-89F0-3107102C8522}"
EndProject
Project("{FAE04EC0-301F-11D3-BF4B-00C04F79EFBC}") = "SDM.Application.Tests", "tests\SDM.Application.Tests\SDM.Application.Tests.csproj", "{3AF67383-B3D2-4B67-88FD-BB9CDB202467}"
EndProject
Project("{FAE04EC0-301F-11D3-BF4B-00C04F79EFBC}") = "SDM.IntegrationTests", "tests\SDM.IntegrationTests\SDM.IntegrationTests.csproj", "{07D2D70B-3598-4EA4-9407-06AF23928917}"
EndProject
Project("{2150E333-8FDC-42A3-9474-1A3956D46DE8}") = "tests", "tests", "{0AB3BF05-4346-4AA6-1389-037BE0695223}"
EndProject
Project("{FAE04EC0-301F-11D3-BF4B-00C04F79EFBC}") = "SDM.Infrastructure.Tests", "tests\SDM.Infrastructure.Tests\SDM.Infrastructure.Tests.csproj", "{D335072A-9BC8-4EB9-87E1-EF3866E7225A}"
EndProject
Project("{2150E333-8FDC-42A3-9474-1A3956D46DE8}") = "src", "src", "{827E0CD3-B72D-47B6-A68D-7590B98EB39B}"
EndProject
Global
	GlobalSection(SolutionConfigurationPlatforms) = preSolution
		Debug|Any CPU = Debug|Any CPU
		Debug|x64 = Debug|x64
		Debug|x86 = Debug|x86
		Release|Any CPU = Release|Any CPU
		Release|x64 = Release|x64
		Release|x86 = Release|x86
	EndGlobalSection
	GlobalSection(ProjectConfigurationPlatforms) = postSolution
		{86D9767B-EFC9-44F4-B976-E7AD7131E992}.Debug|Any CPU.ActiveCfg = Debug|Any CPU
		{86D9767B-EFC9-44F4-B976-E7AD7131E992}.Debug|Any CPU.Build.0 = Debug|Any CPU
		{86D9767B-EFC9-44F4-B976-E7AD7131E992}.Debug|x64.ActiveCfg = Debug|Any CPU
		{86D9767B-EFC9-44F4-B976-E7AD7131E992}.Debug|x64.Build.0 = Debug|Any CPU
		{86D9767B-EFC9-44F4-B976-E7AD7131E992}.Debug|x86.ActiveCfg = Debug|Any CPU
		{86D9767B-EFC9-44F4-B976-E7AD7131E992}.Debug|x86.Build.0 = Debug|Any CPU
		{86D9767B-EFC9-44F4-B976-E7AD7131E992}.Release|Any CPU.ActiveCfg = Release|Any CPU
		{86D9767B-EFC9-44F4-B976-E7AD7131E992}.Release|Any CPU.Build.0 = Release|Any CPU
		{86D9767B-EFC9-44F4-B976-E7AD7131E992}.Release|x64.ActiveCfg = Release|Any CPU
		{86D9767B-EFC9-44F4-B976-E7AD7131E992}.Release|x64.Build.0 = Release|Any CPU
		{86D9767B-EFC9-44F4-B976-E7AD7131E992}.Release|x86.ActiveCfg = Release|Any CPU
		{86D9767B-EFC9-44F4-B976-E7AD7131E992}.Release|x86.Build.0 = Release|Any CPU
		{CCDD1838-C0E7-42E4-8B26-37A2DBDD795D}.Debug|Any CPU.ActiveCfg = Debug|Any CPU
		{CCDD1838-C0E7-42E4-8B26-37A2DBDD795D}.Debug|Any CPU.Build.0 = Debug|Any CPU
		{CCDD1838-C0E7-42E4-8B26-37A2DBDD795D}.Debug|x64.ActiveCfg = Debug|Any CPU
		{CCDD1838-C0E7-42E4-8B26-37A2DBDD795D}.Debug|x64.Build.0 = Debug|Any CPU
		{CCDD1838-C0E7-42E4-8B26-37A2DBDD795D}.Debug|x86.ActiveCfg = Debug|Any CPU
		{CCDD1838-C0E7-42E4-8B26-37A2DBDD795D}.Debug|x86.Build.0 = Debug|Any CPU
		{CCDD1838-C0E7-42E4-8B26-37A2DBDD795D}.Release|Any CPU.ActiveCfg = Release|Any CPU
		{CCDD1838-C0E7-42E4-8B26-37A2DBDD795D}.Release|Any CPU.Build.0 = Release|Any CPU
		{CCDD1838-C0E7-42E4-8B26-37A2DBDD795D}.Release|x64.ActiveCfg = Release|Any CPU
		{CCDD1838-C0E7-42E4-8B26-37A2DBDD795D}.Release|x64.Build.0 = Release|Any CPU
		{CCDD1838-C0E7-42E4-8B26-37A2DBDD795D}.Release|x86.ActiveCfg = Release|Any CPU
		{CCDD1838-C0E7-42E4-8B26-37A2DBDD795D}.Release|x86.Build.0 = Release|Any CPU
		{54D743F9-A1FB-4666-A659-79C83BB23E4E}.Debug|Any CPU.ActiveCfg = Debug|Any CPU
		{54D743F9-A1FB-4666-A659-79C83BB23E4E}.Debug|Any CPU.Build.0 = Debug|Any CPU
		{54D743F9-A1FB-4666-A659-79C83BB23E4E}.Debug|x64.ActiveCfg = Debug|Any CPU
		{54D743F9-A1FB-4666-A659-79C83BB23E4E}.Debug|x64.Build.0 = Debug|Any CPU
		{54D743F9-A1FB-4666-A659-79C83BB23E4E}.Debug|x86.ActiveCfg = Debug|Any CPU
		{54D743F9-A1FB-4666-A659-79C83BB23E4E}.Debug|x86.Build.0 = Debug|Any CPU
		{54D743F9-A1FB-4666-A659-79C83BB23E4E}.Release|Any CPU.ActiveCfg = Release|Any CPU
		{54D743F9-A1FB-4666-A659-79C83BB23E4E}.Release|Any CPU.Build.0 = Release|Any CPU
		{54D743F9-A1FB-4666-A659-79C83BB23E4E}.Release|x64.ActiveCfg = Release|Any CPU
		{54D743F9-A1FB-4666-A659-79C83BB23E4E}.Release|x64.Build.0 = Release|Any CPU
		{54D743F9-A1FB-4666-A659-79C83BB23E4E}.Release|x86.ActiveCfg = Release|Any CPU
		{54D743F9-A1FB-4666-A659-79C83BB23E4E}.Release|x86.Build.0 = Release|Any CPU
		{DF751D47-3468-4DA0-B858-F766BBE6FB81}.Debug|Any CPU.ActiveCfg = Debug|Any CPU
		{DF751D47-3468-4DA0-B858-F766BBE6FB81}.Debug|Any CPU.Build.0 = Debug|Any CPU
		{DF751D47-3468-4DA0-B858-F766BBE6FB81}.Debug|x64.ActiveCfg = Debug|Any CPU
		{DF751D47-3468-4DA0-B858-F766BBE6FB81}.Debug|x64.Build.0 = Debug|Any CPU
		{DF751D47-3468-4DA0-B858-F766BBE6FB81}.Debug|x86.ActiveCfg = Debug|Any CPU
		{DF751D47-3468-4DA0-B858-F766BBE6FB81}.Debug|x86.Build.0 = Debug|Any CPU
		{DF751D47-3468-4DA0-B858-F766BBE6FB81}.Release|Any CPU.ActiveCfg = Release|Any CPU
		{DF751D47-3468-4DA0-B858-F766BBE6FB81}.Release|Any CPU.Build.0 = Release|Any CPU
		{DF751D47-3468-4DA0-B858-F766BBE6FB81}.Release|x64.ActiveCfg = Release|Any CPU
		{DF751D47-3468-4DA0-B858-F766BBE6FB81}.Release|x64.Build.0 = Release|Any CPU
		{DF751D47-3468-4DA0-B858-F766BBE6FB81}.Release|x86.ActiveCfg = Release|Any CPU
		{DF751D47-3468-4DA0-B858-F766BBE6FB81}.Release|x86.Build.0 = Release|Any CPU
		{8223C6E5-E2F6-4835-B800-98FC49E53988}.Debug|Any CPU.ActiveCfg = Debug|Any CPU
		{8223C6E5-E2F6-4835-B800-98FC49E53988}.Debug|Any CPU.Build.0 = Debug|Any CPU
		{8223C6E5-E2F6-4835-B800-98FC49E53988}.Debug|x64.ActiveCfg = Debug|Any CPU
		{8223C6E5-E2F6-4835-B800-98FC49E53988}.Debug|x64.Build.0 = Debug|Any CPU
		{8223C6E5-E2F6-4835-B800-98FC49E53988}.Debug|x86.ActiveCfg = Debug|Any CPU
		{8223C6E5-E2F6-4835-B800-98FC49E53988}.Debug|x86.Build.0 = Debug|Any CPU
		{8223C6E5-E2F6-4835-B800-98FC49E53988}.Release|Any CPU.ActiveCfg = Release|Any CPU
		{8223C6E5-E2F6-4835-B800-98FC49E53988}.Release|Any CPU.Build.0 = Release|Any CPU
		{8223C6E5-E2F6-4835-B800-98FC49E53988}.Release|x64.ActiveCfg = Release|Any CPU
		{8223C6E5-E2F6-4835-B800-98FC49E53988}.Release|x64.Build.0 = Release|Any CPU
		{8223C6E5-E2F6-4835-B800-98FC49E53988}.Release|x86.ActiveCfg = Release|Any CPU
		{8223C6E5-E2F6-4835-B800-98FC49E53988}.Release|x86.Build.0 = Release|Any CPU
		{44CE8A9B-E69B-45C3-89F0-3107102C8522}.Debug|Any CPU.ActiveCfg = Debug|Any CPU
		{44CE8A9B-E69B-45C3-89F0-3107102C8522}.Debug|Any CPU.Build.0 = Debug|Any CPU
		{44CE8A9B-E69B-45C3-89F0-3107102C8522}.Debug|x64.ActiveCfg = Debug|Any CPU
		{44CE8A9B-E69B-45C3-89F0-3107102C8522}.Debug|x64.Build.0 = Debug|Any CPU
		{44CE8A9B-E69B-45C3-89F0-3107102C8522}.Debug|x86.ActiveCfg = Debug|Any CPU
		{44CE8A9B-E69B-45C3-89F0-3107102C8522}.Debug|x86.Build.0 = Debug|Any CPU
		{44CE8A9B-E69B-45C3-89F0-3107102C8522}.Release|Any CPU.ActiveCfg = Release|Any CPU
		{44CE8A9B-E69B-45C3-89F0-3107102C8522}.Release|Any CPU.Build.0 = Release|Any CPU
		{44CE8A9B-E69B-45C3-89F0-3107102C8522}.Release|x64.ActiveCfg = Release|Any CPU
		{44CE8A9B-E69B-45C3-89F0-3107102C8522}.Release|x64.Build.0 = Release|Any CPU
		{44CE8A9B-E69B-45C3-89F0-3107102C8522}.Release|x86.ActiveCfg = Release|Any CPU
		{44CE8A9B-E69B-45C3-89F0-3107102C8522}.Release|x86.Build.0 = Release|Any CPU
		{3AF67383-B3D2-4B67-88FD-BB9CDB202467}.Debug|Any CPU.ActiveCfg = Debug|Any CPU
		{3AF67383-B3D2-4B67-88FD-BB9CDB202467}.Debug|Any CPU.Build.0 = Debug|Any CPU
		{3AF67383-B3D2-4B67-88FD-BB9CDB202467}.Debug|x64.ActiveCfg = Debug|Any CPU
		{3AF67383-B3D2-4B67-88FD-BB9CDB202467}.Debug|x64.Build.0 = Debug|Any CPU
		{3AF67383-B3D2-4B67-88FD-BB9CDB202467}.Debug|x86.ActiveCfg = Debug|Any CPU
		{3AF67383-B3D2-4B67-88FD-BB9CDB202467}.Debug|x86.Build.0 = Debug|Any CPU
		{3AF67383-B3D2-4B67-88FD-BB9CDB202467}.Release|Any CPU.ActiveCfg = Release|Any CPU
		{3AF67383-B3D2-4B67-88FD-BB9CDB202467}.Release|Any CPU.Build.0 = Release|Any CPU
		{3AF67383-B3D2-4B67-88FD-BB9CDB202467}.Release|x64.ActiveCfg = Release|Any CPU
		{3AF67383-B3D2-4B67-88FD-BB9CDB202467}.Release|x64.Build.0 = Release|Any CPU
		{3AF67383-B3D2-4B67-88FD-BB9CDB202467}.Release|x86.ActiveCfg = Release|Any CPU
		{3AF67383-B3D2-4B67-88FD-BB9CDB202467}.Release|x86.Build.0 = Release|Any CPU
		{07D2D70B-3598-4EA4-9407-06AF23928917}.Debug|Any CPU.ActiveCfg = Debug|Any CPU
		{07D2D70B-3598-4EA4-9407-06AF23928917}.Debug|Any CPU.Build.0 = Debug|Any CPU
		{07D2D70B-3598-4EA4-9407-06AF23928917}.Debug|x64.ActiveCfg = Debug|Any CPU
		{07D2D70B-3598-4EA4-9407-06AF23928917}.Debug|x64.Build.0 = Debug|Any CPU
		{07D2D70B-3598-4EA4-9407-06AF23928917}.Debug|x86.ActiveCfg = Debug|Any CPU
		{07D2D70B-3598-4EA4-9407-06AF23928917}.Debug|x86.Build.0 = Debug|Any CPU
		{07D2D70B-3598-4EA4-9407-06AF23928917}.Release|Any CPU.ActiveCfg = Release|Any CPU
		{07D2D70B-3598-4EA4-9407-06AF23928917}.Release|Any CPU.Build.0 = Release|Any CPU
		{07D2D70B-3598-4EA4-9407-06AF23928917}.Release|x64.ActiveCfg = Release|Any CPU
		{07D2D70B-3598-4EA4-9407-06AF23928917}.Release|x64.Build.0 = Release|Any CPU
		{07D2D70B-3598-4EA4-9407-06AF23928917}.Release|x86.ActiveCfg = Release|Any CPU
		{07D2D70B-3598-4EA4-9407-06AF23928917}.Release|x86.Build.0 = Release|Any CPU
		{D335072A-9BC8-4EB9-87E1-EF3866E7225A}.Debug|Any CPU.ActiveCfg = Debug|Any CPU
		{D335072A-9BC8-4EB9-87E1-EF3866E7225A}.Debug|Any CPU.Build.0 = Debug|Any CPU
		{D335072A-9BC8-4EB9-87E1-EF3866E7225A}.Debug|x64.ActiveCfg = Debug|Any CPU
		{D335072A-9BC8-4EB9-87E1-EF3866E7225A}.Debug|x64.Build.0 = Debug|Any CPU
		{D335072A-9BC8-4EB9-87E1-EF3866E7225A}.Debug|x86.ActiveCfg = Debug|Any CPU
		{D335072A-9BC8-4EB9-87E1-EF3866E7225A}.Debug|x86.Build.0 = Debug|Any CPU
		{D335072A-9BC8-4EB9-87E1-EF3866E7225A}.Release|Any CPU.ActiveCfg = Release|Any CPU
		{D335072A-9BC8-4EB9-87E1-EF3866E7225A}.Release|Any CPU.Build.0 = Release|Any CPU
		{D335072A-9BC8-4EB9-87E1-EF3866E7225A}.Release|x64.ActiveCfg = Release|Any CPU
		{D335072A-9BC8-4EB9-87E1-EF3866E7225A}.Release|x64.Build.0 = Release|Any CPU
		{D335072A-9BC8-4EB9-87E1-EF3866E7225A}.Release|x86.ActiveCfg = Release|Any CPU
		{D335072A-9BC8-4EB9-87E1-EF3866E7225A}.Release|x86.Build.0 = Release|Any CPU
	EndGlobalSection
	GlobalSection(SolutionProperties) = preSolution
		HideSolutionNode = FALSE
	EndGlobalSection
	GlobalSection(NestedProjects) = preSolution
		{D335072A-9BC8-4EB9-87E1-EF3866E7225A} = {0AB3BF05-4346-4AA6-1389-037BE0695223}
	EndGlobalSection
EndGlobal
